{
  "name": "tests",
  "lockfileVersion": 3,
  "requires": true,
  "packages": {
    "": {
      "devDependencies": {
        "ts-function-decorator": "file:.."
      }
    },
    "..": {
      "name": "ts-function-decorator",
      "version": "0.1.0",
      "dev": true,
      "bin": {
        "fn-tsc": "dist/cli.js"
      },
      "devDependencies": {
        "@types/node": "^20.0.0",
        "typescript": "^5.0.0"
      },
      "peerDependencies": {
        "typescript": ">=4.8"
      }
    },
    "node_modules/ts-function-decorator": {
      "resolved": "..",
      "link": true
    }
  }
}
